
Microsoft Visual Studio Solution File, Format Version 12.00
# Visual Studio Version 17
VisualStudioVersion = 17.10.35013.160
MinimumVisualStudioVersion = 10.0.40219.1
Project("{FAE04EC0-301F-11D3-BF4B-00C04F79EFBC}") = "intento1", "intento1\intento1.csproj", "{EEA4491C-8099-45D1-B7E0-03C223B1CC11}"
EndProject
Project("{FAE04EC0-301F-11D3-BF4B-00C04F79EFBC}") = "ejercicio2", "ejercicio2\ejercicio2.csproj", "{FF19E6EF-A3FC-4F79-8B73-5B6716428DDB}"
EndProject
Project("{FAE04EC0-301F-11D3-BF4B-00C04F79EFBC}") = "Recopilacion unidad 1", "Recopilacion unidad 1\Recopilacion unidad 1.csproj", "{4FE69C12-45F6-4911-9AE7-D60CBE633D18}"
EndProject
Project("{FAE04EC0-301F-11D3-BF4B-00C04F79EFBC}") = "ejercicio1157", "ejercicio1157\ejercicio1157.csproj", "{7032C81F-D705-4546-9638-62757BBD2A1C}"
EndProject
Project("{FAE04EC0-301F-11D3-BF4B-00C04F79EFBC}") = "Ejerciocio2157", "Ejerciocio2157\Ejerciocio2157.csproj", "{2EEFDDE4-84CD-4A71-9A6A-033DE8CDE05A}"
EndProject
Project("{FAE04EC0-301F-11D3-BF4B-00C04F79EFBC}") = "ejercicio3157", "ejercicio3157\ejercicio3157.csproj", "{77912853-2B50-40A8-9AD1-351DD7891F01}"
EndProject
Project("{FAE04EC0-301F-11D3-BF4B-00C04F79EFBC}") = "ejercicio4157", "ejercicio4157\ejercicio4157.csproj", "{B3D12D31-3CD2-4224-91B6-F2B5908ED698}"
EndProject
Project("{FAE04EC0-301F-11D3-BF4B-00C04F79EFBC}") = "ejercicio1177", "ejercicio1177\ejercicio1177.csproj", "{0308B461-98A1-49A0-9BF3-38D7C7C91172}"
EndProject
Global
	GlobalSection(SolutionConfigurationPlatforms) = preSolution
		Debug|Any CPU = Debug|Any CPU
		Release|Any CPU = Release|Any CPU
	EndGlobalSection
	GlobalSection(ProjectConfigurationPlatforms) = postSolution
		{EEA4491C-8099-45D1-B7E0-03C223B1CC11}.Debug|Any CPU.ActiveCfg = Debug|Any CPU
		{EEA4491C-8099-45D1-B7E0-03C223B1CC11}.Debug|Any CPU.Build.0 = Debug|Any CPU
		{EEA4491C-8099-45D1-B7E0-03C223B1CC11}.Release|Any CPU.ActiveCfg = Release|Any CPU
		{EEA4491C-8099-45D1-B7E0-03C223B1CC11}.Release|Any CPU.Build.0 = Release|Any CPU
		{FF19E6EF-A3FC-4F79-8B73-5B6716428DDB}.Debug|Any CPU.ActiveCfg = Debug|Any CPU
		{FF19E6EF-A3FC-4F79-8B73-5B6716428DDB}.Debug|Any CPU.Build.0 = Debug|Any CPU
		{FF19E6EF-A3FC-4F79-8B73-5B6716428DDB}.Release|Any CPU.ActiveCfg = Release|Any CPU
		{FF19E6EF-A3FC-4F79-8B73-5B6716428DDB}.Release|Any CPU.Build.0 = Release|Any CPU
		{4FE69C12-45F6-4911-9AE7-D60CBE633D18}.Debug|Any CPU.ActiveCfg = Debug|Any CPU
		{4FE69C12-45F6-4911-9AE7-D60CBE633D18}.Debug|Any CPU.Build.0 = Debug|Any CPU
		{4FE69C12-45F6-4911-9AE7-D60CBE633D18}.Release|Any CPU.ActiveCfg = Release|Any CPU
		{4FE69C12-45F6-4911-9AE7-D60CBE633D18}.Release|Any CPU.Build.0 = Release|Any CPU
		{7032C81F-D705-4546-9638-62757BBD2A1C}.Debug|Any CPU.ActiveCfg = Debug|Any CPU
		{7032C81F-D705-4546-9638-62757BBD2A1C}.Debug|Any CPU.Build.0 = Debug|Any CPU
		{7032C81F-D705-4546-9638-62757BBD2A1C}.Release|Any CPU.ActiveCfg = Release|Any CPU
		{7032C81F-D705-4546-9638-62757BBD2A1C}.Release|Any CPU.Build.0 = Release|Any CPU
		{2EEFDDE4-84CD-4A71-9A6A-033DE8CDE05A}.Debug|Any CPU.ActiveCfg = Debug|Any CPU
		{2EEFDDE4-84CD-4A71-9A6A-033DE8CDE05A}.Debug|Any CPU.Build.0 = Debug|Any CPU
		{2EEFDDE4-84CD-4A71-9A6A-033DE8CDE05A}.Release|Any CPU.ActiveCfg = Release|Any CPU
		{2EEFDDE4-84CD-4A71-9A6A-033DE8CDE05A}.Release|Any CPU.Build.0 = Release|Any CPU
		{77912853-2B50-40A8-9AD1-351DD7891F01}.Debug|Any CPU.ActiveCfg = Debug|Any CPU
		{77912853-2B50-40A8-9AD1-351DD7891F01}.Debug|Any CPU.Build.0 = Debug|Any CPU
		{77912853-2B50-40A8-9AD1-351DD7891F01}.Release|Any CPU.ActiveCfg = Release|Any CPU
		{77912853-2B50-40A8-9AD1-351DD7891F01}.Release|Any CPU.Build.0 = Release|Any CPU
		{B3D12D31-3CD2-4224-91B6-F2B5908ED698}.Debug|Any CPU.ActiveCfg = Debug|Any CPU
		{B3D12D31-3CD2-4224-91B6-F2B5908ED698}.Debug|Any CPU.Build.0 = Debug|Any CPU
		{B3D12D31-3CD2-4224-91B6-F2B5908ED698}.Release|Any CPU.ActiveCfg = Release|Any CPU
		{B3D12D31-3CD2-4224-91B6-F2B5908ED698}.Release|Any CPU.Build.0 = Release|Any CPU
		{0308B461-98A1-49A0-9BF3-38D7C7C91172}.Debug|Any CPU.ActiveCfg = Debug|Any CPU
		{0308B461-98A1-49A0-9BF3-38D7C7C91172}.Debug|Any CPU.Build.0 = Debug|Any CPU
		{0308B461-98A1-49A0-9BF3-38D7C7C91172}.Release|Any CPU.ActiveCfg = Release|Any CPU
		{0308B461-98A1-49A0-9BF3-38D7C7C91172}.Release|Any CPU.Build.0 = Release|Any CPU
	EndGlobalSection
	GlobalSection(SolutionProperties) = preSolution
		HideSolutionNode = FALSE
	EndGlobalSection
	GlobalSection(ExtensibilityGlobals) = postSolution
		SolutionGuid = {E9BF2CE9-EAB7-43BD-B38E-A800CEC2F365}
	EndGlobalSection
EndGlobal
